{
  "requires": true,
  "lockfileVersion": 1,
  "dependencies": {
    "angular": {
      "version": "1.7.8",
      "resolved": "https://registry.npmjs.org/angular/-/angular-1.7.8.tgz",
      "integrity": "sha512-wtef/y4COxM7ZVhddd7JtAAhyYObq9YXKar9tsW7558BImeVYteJiTxCKeJOL45lJ/+7B4wrAC49j8gTFYEthg=="
    },
    "moment": {
      "version": "2.24.0",
      "resolved": "https://registry.npmjs.org/moment/-/moment-2.24.0.tgz",
      "integrity": "sha512-bV7f+6l2QigeBBZSM/6yTNq4P2fNpSWj/0e7jQcy87A8e7o2nAfP/34/2ky5Vw4B9S446EtIhodAzkFCcR4dQg=="
    },
    "multiple-date-picker": {
      "version": "2.1.6",
      "resolved": "https://registry.npmjs.org/multiple-date-picker/-/multiple-date-picker-2.1.6.tgz",
      "integrity": "sha1-rN0cekX686RP8FafMOexESYRo9E=",
      "requires": {
        "angular": "^1.X.X",
        "moment": "^2.X.X"
      }
    }
  }
}
